PODS:
  - Alamofire (5.5.0)
  - CocoaLumberjack (3.7.4):
    - CocoaLumberjack/Core (= 3.7.4)
  - CocoaLumberjack/Core (3.7.4)
  - CTMediator (46)
  - DLRadioButton (1.4.12)
  - DoraemonKit/Core (3.0.7):
    - FMDB
    - GCDWebServer
    - GCDWebServer/WebDAV
    - GCDWebServer/WebUploader
  - DoraemonKit/WithDatabase (3.0.7):
    - DoraemonKit/Core
    - YYDebugDatabase
  - DoraemonKit/WithGPS (3.0.7):
    - DoraemonKit/Core
  - DoraemonKit/WithLoad (3.0.7):
    - DoraemonKit/Core
  - DoraemonKit/WithLogger (3.0.7):
    - CocoaLumberjack
    - DoraemonKit/Core
  - DoraemonKit/WithMLeaksFinder (3.0.7):
    - DoraemonKit/Core
    - FBRetainCycleDetector
  - DoraemonKit/WithWeex (3.0.7):
    - DoraemonKit/Core
    - WeexSDK
    - WXDevtool
  - Dplayer (1.3.0):
    - SnapKit (~> 5.0.0)
    - Toast-Swift (~> 5.0.1)
  - FBRetainCycleDetector (0.1.4)
  - FMDB (2.7.5):
    - FMDB/standard (= 2.7.5)
  - FMDB/standard (2.7.5)
  - FreeStreamer (4.0.0):
    - Reachability (~> 3.0)
  - GCDWebServer (3.5.4):
    - GCDWebServer/Core (= 3.5.4)
  - GCDWebServer/Core (3.5.4)
  - GCDWebServer/WebDAV (3.5.4):
    - GCDWebServer/Core
  - GCDWebServer/WebUploader (3.5.4):
    - GCDWebServer/Core
  - MarqueeLabel (4.3.0)
  - MJRefresh (3.7.5)
  - Moya (15.0.0):
    - Moya/Core (= 15.0.0)
  - Moya/Core (15.0.0):
    - Alamofire (~> 5.0)
  - Reachability (3.2)
  - scrolltab (1)
  - scrolltab_Category (0.1.0):
    - CTMediator
  - SDWebImage (5.12.2):
    - SDWebImage/Core (= 5.12.2)
  - SDWebImage/Core (5.12.2)
  - SnapKit (5.0.1)
  - SocketRocket (0.6.0)
  - Toast-Swift (5.0.1)
  - WeexSDK (0.30.0)
  - WXDevtool (0.24.0):
    - SocketRocket
    - WeexSDK
  - YYDebugDatabase (2.1.0):
    - FMDB
    - GCDWebServer
  - ZImageCropper (0.1.0)

DEPENDENCIES:
  - CTMediator
  - DLRadioButton (~> 1.4)
  - DoraemonKit/Core (~> 3.0.4)
  - DoraemonKit/WithDatabase (~> 3.0.4)
  - DoraemonKit/WithGPS (~> 3.0.4)
  - DoraemonKit/WithLoad (~> 3.0.4)
  - DoraemonKit/WithLogger (~> 3.0.4)
  - DoraemonKit/WithMLeaksFinder (~> 3.0.4)
  - DoraemonKit/WithWeex (~> 3.0.4)
  - Dplayer (from `https://github.com/weifengsmile/Dplayer.git`, branch `master`)
  - FreeStreamer
  - MarqueeLabel
  - MJRefresh
  - Moya (~> 15.0.0)
  - scrolltab (from `../scrolltab`)
  - scrolltab_Category (from `../scrolltab_Category`)
  - SDWebImage (~> 5.0)
  - SnapKit (~> 5.0.0)
  - Toast-Swift (~> 5.0.1)
  - ZImageCropper

SPEC REPOS:
  trunk:
    - Alamofire
    - CocoaLumberjack
    - CTMediator
    - DLRadioButton
    - DoraemonKit
    - FBRetainCycleDetector
    - FMDB
    - FreeStreamer
    - GCDWebServer
    - MarqueeLabel
    - MJRefresh
    - Moya
    - Reachability
    - SDWebImage
    - SnapKit
    - SocketRocket
    - Toast-Swift
    - WeexSDK
    - WXDevtool
    - YYDebugDatabase
    - ZImageCropper

EXTERNAL SOURCES:
  Dplayer:
    :branch: master
    :git: https://github.com/weifengsmile/Dplayer.git
  scrolltab:
    :path: "../scrolltab"
  scrolltab_Category:
    :path: "../scrolltab_Category"

CHECKOUT OPTIONS:
  Dplayer:
    :commit: da3ce1f7d81f487acc48995522c31668409f81da
    :git: https://github.com/weifengsmile/Dplayer.git

SPEC CHECKSUMS:
  Alamofire: 1c4fb5369c3fe93d2857c780d8bbe09f06f97e7c
  CocoaLumberjack: 543c79c114dadc3b1aba95641d8738b06b05b646
  CTMediator: f1cf58d509fb3192086c367711f039efd769b907
  DLRadioButton: d7c4e225ed0e8013cef7be61455230c7557ad7c1
  DoraemonKit: 32fb97f3aa82efa133111d193080ca5462cef135
  Dplayer: 0afcf68c45c74ef7bc4ae6b2ded0f958379b72ff
  FBRetainCycleDetector: 46f8179bbb1c587deee3ea838a1a3ee02acf5015
  FMDB: 2ce00b547f966261cd18927a3ddb07cb6f3db82a
  FreeStreamer: 7e9c976045701ac2f7e9c14c17245203c37bf2ea
  GCDWebServer: 2c156a56c8226e2d5c0c3f208a3621ccffbe3ce4
  MarqueeLabel: 02f5ac8fd6877c94564556cb93fa86c70c08baeb
  MJRefresh: fdf5e979eb406a0341468932d1dfc8b7f9fce961
  Moya: 138f0573e53411fb3dc17016add0b748dfbd78ee
  Reachability: 33e18b67625424e47b6cde6d202dce689ad7af96
  scrolltab: 87b974519b8d45a3b983d194de3f17df6cd28b68
  scrolltab_Category: 1fea66f507f94192f178abdb7fade8392f4df9ad
  SDWebImage: 240e5c12b592fb1268c1d03b8c90d90e8c2ffe82
  SnapKit: 97b92857e3df3a0c71833cce143274bf6ef8e5eb
  SocketRocket: fccef3f9c5cedea1353a9ef6ada904fde10d6608
  Toast-Swift: 9b6a70f28b3bf0b96c40d46c0c4b9d6639846711
  WeexSDK: 8e01e33244f51cb11f9f000b5200d93de5f4fa97
  WXDevtool: 95b70c73c06fc3299d65bd53ba4b3e0b0087f3cb
  YYDebugDatabase: e684a7f79fca2e3673a23347cefb822f911f3124
  ZImageCropper: 1a5518eea94f1ce903bbfebc860bfb023d27fc62

PODFILE CHECKSUM: e4d3289f3394451753725f1df0e4a6b9c67ffd25

COCOAPODS: 1.10.1
